
Microsoft Visual Studio Solution File, Format Version 12.00
# Visual Studio Version 16
VisualStudioVersion = 16.0.30225.117
MinimumVisualStudioVersion = 10.0.40219.1
Project("{FAE04EC0-301F-11D3-BF4B-00C04F79EFBC}") = "Taxi.Common", "Taxi.Common\Taxi.Common.csproj", "{E4A2D6E6-F01C-4ED7-990F-4A7D8AC8DFC1}"
EndProject
Project("{FAE04EC0-301F-11D3-BF4B-00C04F79EFBC}") = "Taxi.Web", "Taxi.Web\Taxi.Web.csproj", "{7891D8D7-2F4D-485A-9574-BC36E669A5B2}"
EndProject
Project("{FAE04EC0-301F-11D3-BF4B-00C04F79EFBC}") = "Taxi.Prism", "Taxi.Prism\Taxi.Prism\Taxi.Prism.csproj", "{8C09EB6E-80B8-4B39-9B02-55768413D31D}"
EndProject
Project("{FAE04EC0-301F-11D3-BF4B-00C04F79EFBC}") = "Taxi.Prism.Android", "Taxi.Prism\Taxi.Prism.Android\Taxi.Prism.Android.csproj", "{70D0F7AF-93F2-41A4-BBA3-DEAC8BA28A7B}"
EndProject
Project("{FAE04EC0-301F-11D3-BF4B-00C04F79EFBC}") = "Taxi.Prism.iOS", "Taxi.Prism\Taxi.Prism.iOS\Taxi.Prism.iOS.csproj", "{FC45BC61-182E-4845-BE21-25CA27A34170}"
EndProject
Project("{FAE04EC0-301F-11D3-BF4B-00C04F79EFBC}") = "Taxi.Cross.Android", "Taxi.Cross.Android\Taxi.Cross.Android.csproj", "{A9C7C7C5-75EF-44BF-A5A9-3D4990DE6F41}"
EndProject
Project("{FAE04EC0-301F-11D3-BF4B-00C04F79EFBC}") = "Taxi.Cross.iOS", "Taxi.Cross.iOS\Taxi.Cross.iOS.csproj", "{D938ABE3-2570-43CD-AAA5-93C44C28BCA9}"
EndProject
Global
	GlobalSection(SolutionConfigurationPlatforms) = preSolution
		Ad-Hoc|Any CPU = Ad-Hoc|Any CPU
		Ad-Hoc|iPhone = Ad-Hoc|iPhone
		Ad-Hoc|iPhoneSimulator = Ad-Hoc|iPhoneSimulator
		AppStore|Any CPU = AppStore|Any CPU
		AppStore|iPhone = AppStore|iPhone
		AppStore|iPhoneSimulator = AppStore|iPhoneSimulator
		Debug|Any CPU = Debug|Any CPU
		Debug|iPhone = Debug|iPhone
		Debug|iPhoneSimulator = Debug|iPhoneSimulator
		Release|Any CPU = Release|Any CPU
		Release|iPhone = Release|iPhone
		Release|iPhoneSimulator = Release|iPhoneSimulator
	EndGlobalSection
	GlobalSection(ProjectConfigurationPlatforms) = postSolution
		{E4A2D6E6-F01C-4ED7-990F-4A7D8AC8DFC1}.Ad-Hoc|Any CPU.ActiveCfg = Debug|Any CPU
		{E4A2D6E6-F01C-4ED7-990F-4A7D8AC8DFC1}.Ad-Hoc|Any CPU.Build.0 = Debug|Any CPU
		{E4A2D6E6-F01C-4ED7-990F-4A7D8AC8DFC1}.Ad-Hoc|iPhone.ActiveCfg = Debug|Any CPU
		{E4A2D6E6-F01C-4ED7-990F-4A7D8AC8DFC1}.Ad-Hoc|iPhone.Build.0 = Debug|Any CPU
		{E4A2D6E6-F01C-4ED7-990F-4A7D8AC8DFC1}.Ad-Hoc|iPhoneSimulator.ActiveCfg = Debug|Any CPU
		{E4A2D6E6-F01C-4ED7-990F-4A7D8AC8DFC1}.Ad-Hoc|iPhoneSimulator.Build.0 = Debug|Any CPU
		{E4A2D6E6-F01C-4ED7-990F-4A7D8AC8DFC1}.AppStore|Any CPU.ActiveCfg = Debug|Any CPU
		{E4A2D6E6-F01C-4ED7-990F-4A7D8AC8DFC1}.AppStore|Any CPU.Build.0 = Debug|Any CPU
		{E4A2D6E6-F01C-4ED7-990F-4A7D8AC8DFC1}.AppStore|iPhone.ActiveCfg = Debug|Any CPU
		{E4A2D6E6-F01C-4ED7-990F-4A7D8AC8DFC1}.AppStore|iPhone.Build.0 = Debug|Any CPU
		{E4A2D6E6-F01C-4ED7-990F-4A7D8AC8DFC1}.AppStore|iPhoneSimulator.ActiveCfg = Debug|Any CPU
		{E4A2D6E6-F01C-4ED7-990F-4A7D8AC8DFC1}.AppStore|iPhoneSimulator.Build.0 = Debug|Any CPU
		{E4A2D6E6-F01C-4ED7-990F-4A7D8AC8DFC1}.Debug|Any CPU.ActiveCfg = Debug|Any CPU
		{E4A2D6E6-F01C-4ED7-990F-4A7D8AC8DFC1}.Debug|Any CPU.Build.0 = Debug|Any CPU
		{E4A2D6E6-F01C-4ED7-990F-4A7D8AC8DFC1}.Debug|iPhone.ActiveCfg = Debug|Any CPU
		{E4A2D6E6-F01C-4ED7-990F-4A7D8AC8DFC1}.Debug|iPhone.Build.0 = Debug|Any CPU
		{E4A2D6E6-F01C-4ED7-990F-4A7D8AC8DFC1}.Debug|iPhoneSimulator.ActiveCfg = Debug|Any CPU
		{E4A2D6E6-F01C-4ED7-990F-4A7D8AC8DFC1}.Debug|iPhoneSimulator.Build.0 = Debug|Any CPU
		{E4A2D6E6-F01C-4ED7-990F-4A7D8AC8DFC1}.Release|Any CPU.ActiveCfg = Release|Any CPU
		{E4A2D6E6-F01C-4ED7-990F-4A7D8AC8DFC1}.Release|Any CPU.Build.0 = Release|Any CPU
		{E4A2D6E6-F01C-4ED7-990F-4A7D8AC8DFC1}.Release|iPhone.ActiveCfg = Release|Any CPU
		{E4A2D6E6-F01C-4ED7-990F-4A7D8AC8DFC1}.Release|iPhone.Build.0 = Release|Any CPU
		{E4A2D6E6-F01C-4ED7-990F-4A7D8AC8DFC1}.Release|iPhoneSimulator.ActiveCfg = Release|Any CPU
		{E4A2D6E6-F01C-4ED7-990F-4A7D8AC8DFC1}.Release|iPhoneSimulator.Build.0 = Release|Any CPU
		{7891D8D7-2F4D-485A-9574-BC36E669A5B2}.Ad-Hoc|Any CPU.ActiveCfg = Debug|Any CPU
		{7891D8D7-2F4D-485A-9574-BC36E669A5B2}.Ad-Hoc|Any CPU.Build.0 = Debug|Any CPU
		{7891D8D7-2F4D-485A-9574-BC36E669A5B2}.Ad-Hoc|iPhone.ActiveCfg = Debug|Any CPU
		{7891D8D7-2F4D-485A-9574-BC36E669A5B2}.Ad-Hoc|iPhone.Build.0 = Debug|Any CPU
		{7891D8D7-2F4D-485A-9574-BC36E669A5B2}.Ad-Hoc|iPhoneSimulator.ActiveCfg = Debug|Any CPU
		{7891D8D7-2F4D-485A-9574-BC36E669A5B2}.Ad-Hoc|iPhoneSimulator.Build.0 = Debug|Any CPU
		{7891D8D7-2F4D-485A-9574-BC36E669A5B2}.AppStore|Any CPU.ActiveCfg = Debug|Any CPU
		{7891D8D7-2F4D-485A-9574-BC36E669A5B2}.AppStore|Any CPU.Build.0 = Debug|Any CPU
		{7891D8D7-2F4D-485A-9574-BC36E669A5B2}.AppStore|iPhone.ActiveCfg = Debug|Any CPU
		{7891D8D7-2F4D-485A-9574-BC36E669A5B2}.AppStore|iPhone.Build.0 = Debug|Any CPU
		{7891D8D7-2F4D-485A-9574-BC36E669A5B2}.AppStore|iPhoneSimulator.ActiveCfg = Debug|Any CPU
		{7891D8D7-2F4D-485A-9574-BC36E669A5B2}.AppStore|iPhoneSimulator.Build.0 = Debug|Any CPU
		{7891D8D7-2F4D-485A-9574-BC36E669A5B2}.Debug|Any CPU.ActiveCfg = Debug|Any CPU
		{7891D8D7-2F4D-485A-9574-BC36E669A5B2}.Debug|Any CPU.Build.0 = Debug|Any CPU
		{7891D8D7-2F4D-485A-9574-BC36E669A5B2}.Debug|iPhone.ActiveCfg = Debug|Any CPU
		{7891D8D7-2F4D-485A-9574-BC36E669A5B2}.Debug|iPhone.Build.0 = Debug|Any CPU
		{7891D8D7-2F4D-485A-9574-BC36E669A5B2}.Debug|iPhoneSimulator.ActiveCfg = Debug|Any CPU
		{7891D8D7-2F4D-485A-9574-BC36E669A5B2}.Debug|iPhoneSimulator.Build.0 = Debug|Any CPU
		{7891D8D7-2F4D-485A-9574-BC36E669A5B2}.Release|Any CPU.ActiveCfg = Release|Any CPU
		{7891D8D7-2F4D-485A-9574-BC36E669A5B2}.Release|Any CPU.Build.0 = Release|Any CPU
		{7891D8D7-2F4D-485A-9574-BC36E669A5B2}.Release|iPhone.ActiveCfg = Release|Any CPU
		{7891D8D7-2F4D-485A-9574-BC36E669A5B2}.Release|iPhone.Build.0 = Release|Any CPU
		{7891D8D7-2F4D-485A-9574-BC36E669A5B2}.Release|iPhoneSimulator.ActiveCfg = Release|Any CPU
		{7891D8D7-2F4D-485A-9574-BC36E669A5B2}.Release|iPhoneSimulator.Build.0 = Release|Any CPU
		{8C09EB6E-80B8-4B39-9B02-55768413D31D}.Ad-Hoc|Any CPU.ActiveCfg = Debug|Any CPU
		{8C09EB6E-80B8-4B39-9B02-55768413D31D}.Ad-Hoc|Any CPU.Build.0 = Debug|Any CPU
		{8C09EB6E-80B8-4B39-9B02-55768413D31D}.Ad-Hoc|iPhone.ActiveCfg = Debug|Any CPU
		{8C09EB6E-80B8-4B39-9B02-55768413D31D}.Ad-Hoc|iPhone.Build.0 = Debug|Any CPU
		{8C09EB6E-80B8-4B39-9B02-55768413D31D}.Ad-Hoc|iPhoneSimulator.ActiveCfg = Debug|Any CPU
		{8C09EB6E-80B8-4B39-9B02-55768413D31D}.Ad-Hoc|iPhoneSimulator.Build.0 = Debug|Any CPU
		{8C09EB6E-80B8-4B39-9B02-55768413D31D}.AppStore|Any CPU.ActiveCfg = Debug|Any CPU
		{8C09EB6E-80B8-4B39-9B02-55768413D31D}.AppStore|Any CPU.Build.0 = Debug|Any CPU
		{8C09EB6E-80B8-4B39-9B02-55768413D31D}.AppStore|iPhone.ActiveCfg = Debug|Any CPU
		{8C09EB6E-80B8-4B39-9B02-55768413D31D}.AppStore|iPhone.Build.0 = Debug|Any CPU
		{8C09EB6E-80B8-4B39-9B02-55768413D31D}.AppStore|iPhoneSimulator.ActiveCfg = Debug|Any CPU
		{8C09EB6E-80B8-4B39-9B02-55768413D31D}.AppStore|iPhoneSimulator.Build.0 = Debug|Any CPU
		{8C09EB6E-80B8-4B39-9B02-55768413D31D}.Debug|Any CPU.ActiveCfg = Debug|Any CPU
		{8C09EB6E-80B8-4B39-9B02-55768413D31D}.Debug|Any CPU.Build.0 = Debug|Any CPU
		{8C09EB6E-80B8-4B39-9B02-55768413D31D}.Debug|iPhone.ActiveCfg = Debug|Any CPU
		{8C09EB6E-80B8-4B39-9B02-55768413D31D}.Debug|iPhone.Build.0 = Debug|Any CPU
		{8C09EB6E-80B8-4B39-9B02-55768413D31D}.Debug|iPhoneSimulator.ActiveCfg = Debug|Any CPU
		{8C09EB6E-80B8-4B39-9B02-55768413D31D}.Debug|iPhoneSimulator.Build.0 = Debug|Any CPU
		{8C09EB6E-80B8-4B39-9B02-55768413D31D}.Release|Any CPU.ActiveCfg = Release|Any CPU
		{8C09EB6E-80B8-4B39-9B02-55768413D31D}.Release|Any CPU.Build.0 = Release|Any CPU
		{8C09EB6E-80B8-4B39-9B02-55768413D31D}.Release|iPhone.ActiveCfg = Release|Any CPU
		{8C09EB6E-80B8-4B39-9B02-55768413D31D}.Release|iPhone.Build.0 = Release|Any CPU
		{8C09EB6E-80B8-4B39-9B02-55768413D31D}.Release|iPhoneSimulator.ActiveCfg = Release|Any CPU
		{8C09EB6E-80B8-4B39-9B02-55768413D31D}.Release|iPhoneSimulator.Build.0 = Release|Any CPU
		{70D0F7AF-93F2-41A4-BBA3-DEAC8BA28A7B}.Ad-Hoc|Any CPU.ActiveCfg = Release|Any CPU
		{70D0F7AF-93F2-41A4-BBA3-DEAC8BA28A7B}.Ad-Hoc|Any CPU.Build.0 = Release|Any CPU
		{70D0F7AF-93F2-41A4-BBA3-DEAC8BA28A7B}.Ad-Hoc|Any CPU.Deploy.0 = Release|Any CPU
		{70D0F7AF-93F2-41A4-BBA3-DEAC8BA28A7B}.Ad-Hoc|iPhone.ActiveCfg = Release|Any CPU
		{70D0F7AF-93F2-41A4-BBA3-DEAC8BA28A7B}.Ad-Hoc|iPhone.Build.0 = Release|Any CPU
		{70D0F7AF-93F2-41A4-BBA3-DEAC8BA28A7B}.Ad-Hoc|iPhone.Deploy.0 = Release|Any CPU
		{70D0F7AF-93F2-41A4-BBA3-DEAC8BA28A7B}.Ad-Hoc|iPhoneSimulator.ActiveCfg = Release|Any CPU
		{70D0F7AF-93F2-41A4-BBA3-DEAC8BA28A7B}.Ad-Hoc|iPhoneSimulator.Build.0 = Release|Any CPU
		{70D0F7AF-93F2-41A4-BBA3-DEAC8BA28A7B}.Ad-Hoc|iPhoneSimulator.Deploy.0 = Release|Any CPU
		{70D0F7AF-93F2-41A4-BBA3-DEAC8BA28A7B}.AppStore|Any CPU.ActiveCfg = Release|Any CPU
		{70D0F7AF-93F2-41A4-BBA3-DEAC8BA28A7B}.AppStore|Any CPU.Build.0 = Release|Any CPU
		{70D0F7AF-93F2-41A4-BBA3-DEAC8BA28A7B}.AppStore|Any CPU.Deploy.0 = Release|Any CPU
		{70D0F7AF-93F2-41A4-BBA3-DEAC8BA28A7B}.AppStore|iPhone.ActiveCfg = Release|Any CPU
		{70D0F7AF-93F2-41A4-BBA3-DEAC8BA28A7B}.AppStore|iPhone.Build.0 = Release|Any CPU
		{70D0F7AF-93F2-41A4-BBA3-DEAC8BA28A7B}.AppStore|iPhone.Deploy.0 = Release|Any CPU
		{70D0F7AF-93F2-41A4-BBA3-DEAC8BA28A7B}.AppStore|iPhoneSimulator.ActiveCfg = Release|Any CPU
		{70D0F7AF-93F2-41A4-BBA3-DEAC8BA28A7B}.AppStore|iPhoneSimulator.Build.0 = Release|Any CPU
		{70D0F7AF-93F2-41A4-BBA3-DEAC8BA28A7B}.AppStore|iPhoneSimulator.Deploy.0 = Release|Any CPU
		{70D0F7AF-93F2-41A4-BBA3-DEAC8BA28A7B}.Debug|Any CPU.ActiveCfg = Debug|Any CPU
		{70D0F7AF-93F2-41A4-BBA3-DEAC8BA28A7B}.Debug|Any CPU.Deploy.0 = Debug|Any CPU
		{70D0F7AF-93F2-41A4-BBA3-DEAC8BA28A7B}.Debug|iPhone.ActiveCfg = Debug|Any CPU
		{70D0F7AF-93F2-41A4-BBA3-DEAC8BA28A7B}.Debug|iPhone.Build.0 = Debug|Any CPU
		{70D0F7AF-93F2-41A4-BBA3-DEAC8BA28A7B}.Debug|iPhone.Deploy.0 = Debug|Any CPU
		{70D0F7AF-93F2-41A4-BBA3-DEAC8BA28A7B}.Debug|iPhoneSimulator.ActiveCfg = Debug|Any CPU
		{70D0F7AF-93F2-41A4-BBA3-DEAC8BA28A7B}.Debug|iPhoneSimulator.Build.0 = Debug|Any CPU
		{70D0F7AF-93F2-41A4-BBA3-DEAC8BA28A7B}.Debug|iPhoneSimulator.Deploy.0 = Debug|Any CPU
		{70D0F7AF-93F2-41A4-BBA3-DEAC8BA28A7B}.Release|Any CPU.ActiveCfg = Release|Any CPU
		{70D0F7AF-93F2-41A4-BBA3-DEAC8BA28A7B}.Release|Any CPU.Build.0 = Release|Any CPU
		{70D0F7AF-93F2-41A4-BBA3-DEAC8BA28A7B}.Release|Any CPU.Deploy.0 = Release|Any CPU
		{70D0F7AF-93F2-41A4-BBA3-DEAC8BA28A7B}.Release|iPhone.ActiveCfg = Release|Any CPU
		{70D0F7AF-93F2-41A4-BBA3-DEAC8BA28A7B}.Release|iPhone.Build.0 = Release|Any CPU
		{70D0F7AF-93F2-41A4-BBA3-DEAC8BA28A7B}.Release|iPhone.Deploy.0 = Release|Any CPU
		{70D0F7AF-93F2-41A4-BBA3-DEAC8BA28A7B}.Release|iPhoneSimulator.ActiveCfg = Release|Any CPU
		{70D0F7AF-93F2-41A4-BBA3-DEAC8BA28A7B}.Release|iPhoneSimulator.Build.0 = Release|Any CPU
		{70D0F7AF-93F2-41A4-BBA3-DEAC8BA28A7B}.Release|iPhoneSimulator.Deploy.0 = Release|Any CPU
		{FC45BC61-182E-4845-BE21-25CA27A34170}.Ad-Hoc|Any CPU.ActiveCfg = Ad-Hoc|iPhone
		{FC45BC61-182E-4845-BE21-25CA27A34170}.Ad-Hoc|iPhone.ActiveCfg = Ad-Hoc|iPhone
		{FC45BC61-182E-4845-BE21-25CA27A34170}.Ad-Hoc|iPhone.Build.0 = Ad-Hoc|iPhone
		{FC45BC61-182E-4845-BE21-25CA27A34170}.Ad-Hoc|iPhoneSimulator.ActiveCfg = Ad-Hoc|iPhoneSimulator
		{FC45BC61-182E-4845-BE21-25CA27A34170}.Ad-Hoc|iPhoneSimulator.Build.0 = Ad-Hoc|iPhoneSimulator
		{FC45BC61-182E-4845-BE21-25CA27A34170}.AppStore|Any CPU.ActiveCfg = AppStore|iPhone
		{FC45BC61-182E-4845-BE21-25CA27A34170}.AppStore|iPhone.ActiveCfg = AppStore|iPhone
		{FC45BC61-182E-4845-BE21-25CA27A34170}.AppStore|iPhone.Build.0 = AppStore|iPhone
		{FC45BC61-182E-4845-BE21-25CA27A34170}.AppStore|iPhoneSimulator.ActiveCfg = AppStore|iPhoneSimulator
		{FC45BC61-182E-4845-BE21-25CA27A34170}.AppStore|iPhoneSimulator.Build.0 = AppStore|iPhoneSimulator
		{FC45BC61-182E-4845-BE21-25CA27A34170}.Debug|Any CPU.ActiveCfg = Debug|iPhone
		{FC45BC61-182E-4845-BE21-25CA27A34170}.Debug|iPhone.ActiveCfg = Debug|iPhone
		{FC45BC61-182E-4845-BE21-25CA27A34170}.Debug|iPhone.Build.0 = Debug|iPhone
		{FC45BC61-182E-4845-BE21-25CA27A34170}.Debug|iPhoneSimulator.ActiveCfg = Debug|iPhoneSimulator
		{FC45BC61-182E-4845-BE21-25CA27A34170}.Debug|iPhoneSimulator.Build.0 = Debug|iPhoneSimulator
		{FC45BC61-182E-4845-BE21-25CA27A34170}.Release|Any CPU.ActiveCfg = Release|iPhone
		{FC45BC61-182E-4845-BE21-25CA27A34170}.Release|iPhone.ActiveCfg = Release|iPhone
		{FC45BC61-182E-4845-BE21-25CA27A34170}.Release|iPhone.Build.0 = Release|iPhone
		{FC45BC61-182E-4845-BE21-25CA27A34170}.Release|iPhoneSimulator.ActiveCfg = Release|iPhoneSimulator
		{FC45BC61-182E-4845-BE21-25CA27A34170}.Release|iPhoneSimulator.Build.0 = Release|iPhoneSimulator
		{A9C7C7C5-75EF-44BF-A5A9-3D4990DE6F41}.Ad-Hoc|Any CPU.ActiveCfg = Release|Any CPU
		{A9C7C7C5-75EF-44BF-A5A9-3D4990DE6F41}.Ad-Hoc|Any CPU.Build.0 = Release|Any CPU
		{A9C7C7C5-75EF-44BF-A5A9-3D4990DE6F41}.Ad-Hoc|Any CPU.Deploy.0 = Release|Any CPU
		{A9C7C7C5-75EF-44BF-A5A9-3D4990DE6F41}.Ad-Hoc|iPhone.ActiveCfg = Release|Any CPU
		{A9C7C7C5-75EF-44BF-A5A9-3D4990DE6F41}.Ad-Hoc|iPhone.Build.0 = Release|Any CPU
		{A9C7C7C5-75EF-44BF-A5A9-3D4990DE6F41}.Ad-Hoc|iPhone.Deploy.0 = Release|Any CPU
		{A9C7C7C5-75EF-44BF-A5A9-3D4990DE6F41}.Ad-Hoc|iPhoneSimulator.ActiveCfg = Release|Any CPU
		{A9C7C7C5-75EF-44BF-A5A9-3D4990DE6F41}.Ad-Hoc|iPhoneSimulator.Build.0 = Release|Any CPU
		{A9C7C7C5-75EF-44BF-A5A9-3D4990DE6F41}.Ad-Hoc|iPhoneSimulator.Deploy.0 = Release|Any CPU
		{A9C7C7C5-75EF-44BF-A5A9-3D4990DE6F41}.AppStore|Any CPU.ActiveCfg = Release|Any CPU
		{A9C7C7C5-75EF-44BF-A5A9-3D4990DE6F41}.AppStore|Any CPU.Build.0 = Release|Any CPU
		{A9C7C7C5-75EF-44BF-A5A9-3D4990DE6F41}.AppStore|Any CPU.Deploy.0 = Release|Any CPU
		{A9C7C7C5-75EF-44BF-A5A9-3D4990DE6F41}.AppStore|iPhone.ActiveCfg = Release|Any CPU
		{A9C7C7C5-75EF-44BF-A5A9-3D4990DE6F41}.AppStore|iPhone.Build.0 = Release|Any CPU
		{A9C7C7C5-75EF-44BF-A5A9-3D4990DE6F41}.AppStore|iPhone.Deploy.0 = Release|Any CPU
		{A9C7C7C5-75EF-44BF-A5A9-3D4990DE6F41}.AppStore|iPhoneSimulator.ActiveCfg = Release|Any CPU
		{A9C7C7C5-75EF-44BF-A5A9-3D4990DE6F41}.AppStore|iPhoneSimulator.Build.0 = Release|Any CPU
		{A9C7C7C5-75EF-44BF-A5A9-3D4990DE6F41}.AppStore|iPhoneSimulator.Deploy.0 = Release|Any CPU
		{A9C7C7C5-75EF-44BF-A5A9-3D4990DE6F41}.Debug|Any CPU.ActiveCfg = Debug|Any CPU
		{A9C7C7C5-75EF-44BF-A5A9-3D4990DE6F41}.Debug|Any CPU.Build.0 = Debug|Any CPU
		{A9C7C7C5-75EF-44BF-A5A9-3D4990DE6F41}.Debug|Any CPU.Deploy.0 = Debug|Any CPU
		{A9C7C7C5-75EF-44BF-A5A9-3D4990DE6F41}.Debug|iPhone.ActiveCfg = Debug|Any CPU
		{A9C7C7C5-75EF-44BF-A5A9-3D4990DE6F41}.Debug|iPhone.Build.0 = Debug|Any CPU
		{A9C7C7C5-75EF-44BF-A5A9-3D4990DE6F41}.Debug|iPhone.Deploy.0 = Debug|Any CPU
		{A9C7C7C5-75EF-44BF-A5A9-3D4990DE6F41}.Debug|iPhoneSimulator.ActiveCfg = Debug|Any CPU
		{A9C7C7C5-75EF-44BF-A5A9-3D4990DE6F41}.Debug|iPhoneSimulator.Build.0 = Debug|Any CPU
		{A9C7C7C5-75EF-44BF-A5A9-3D4990DE6F41}.Debug|iPhoneSimulator.Deploy.0 = Debug|Any CPU
		{A9C7C7C5-75EF-44BF-A5A9-3D4990DE6F41}.Release|Any CPU.ActiveCfg = Release|Any CPU
		{A9C7C7C5-75EF-44BF-A5A9-3D4990DE6F41}.Release|Any CPU.Build.0 = Release|Any CPU
		{A9C7C7C5-75EF-44BF-A5A9-3D4990DE6F41}.Release|Any CPU.Deploy.0 = Release|Any CPU
		{A9C7C7C5-75EF-44BF-A5A9-3D4990DE6F41}.Release|iPhone.ActiveCfg = Release|Any CPU
		{A9C7C7C5-75EF-44BF-A5A9-3D4990DE6F41}.Release|iPhone.Build.0 = Release|Any CPU
		{A9C7C7C5-75EF-44BF-A5A9-3D4990DE6F41}.Release|iPhone.Deploy.0 = Release|Any CPU
		{A9C7C7C5-75EF-44BF-A5A9-3D4990DE6F41}.Release|iPhoneSimulator.ActiveCfg = Release|Any CPU
		{A9C7C7C5-75EF-44BF-A5A9-3D4990DE6F41}.Release|iPhoneSimulator.Build.0 = Release|Any CPU
		{A9C7C7C5-75EF-44BF-A5A9-3D4990DE6F41}.Release|iPhoneSimulator.Deploy.0 = Release|Any CPU
		{D938ABE3-2570-43CD-AAA5-93C44C28BCA9}.Ad-Hoc|Any CPU.ActiveCfg = Release|iPhone
		{D938ABE3-2570-43CD-AAA5-93C44C28BCA9}.Ad-Hoc|Any CPU.Build.0 = Release|iPhone
		{D938ABE3-2570-43CD-AAA5-93C44C28BCA9}.Ad-Hoc|iPhone.ActiveCfg = Release|iPhone
		{D938ABE3-2570-43CD-AAA5-93C44C28BCA9}.Ad-Hoc|iPhone.Build.0 = Release|iPhone
		{D938ABE3-2570-43CD-AAA5-93C44C28BCA9}.Ad-Hoc|iPhoneSimulator.ActiveCfg = Release|iPhoneSimulator
		{D938ABE3-2570-43CD-AAA5-93C44C28BCA9}.Ad-Hoc|iPhoneSimulator.Build.0 = Release|iPhoneSimulator
		{D938ABE3-2570-43CD-AAA5-93C44C28BCA9}.AppStore|Any CPU.ActiveCfg = Release|iPhone
		{D938ABE3-2570-43CD-AAA5-93C44C28BCA9}.AppStore|Any CPU.Build.0 = Release|iPhone
		{D938ABE3-2570-43CD-AAA5-93C44C28BCA9}.AppStore|iPhone.ActiveCfg = Release|iPhone
		{D938ABE3-2570-43CD-AAA5-93C44C28BCA9}.AppStore|iPhone.Build.0 = Release|iPhone
		{D938ABE3-2570-43CD-AAA5-93C44C28BCA9}.AppStore|iPhoneSimulator.ActiveCfg = Release|iPhoneSimulator
		{D938ABE3-2570-43CD-AAA5-93C44C28BCA9}.AppStore|iPhoneSimulator.Build.0 = Release|iPhoneSimulator
		{D938ABE3-2570-43CD-AAA5-93C44C28BCA9}.Debug|Any CPU.ActiveCfg = Debug|iPhone
		{D938ABE3-2570-43CD-AAA5-93C44C28BCA9}.Debug|iPhone.ActiveCfg = Debug|iPhone
		{D938ABE3-2570-43CD-AAA5-93C44C28BCA9}.Debug|iPhone.Build.0 = Debug|iPhone
		{D938ABE3-2570-43CD-AAA5-93C44C28BCA9}.Debug|iPhoneSimulator.ActiveCfg = Debug|iPhoneSimulator
		{D938ABE3-2570-43CD-AAA5-93C44C28BCA9}.Debug|iPhoneSimulator.Build.0 = Debug|iPhoneSimulator
		{D938ABE3-2570-43CD-AAA5-93C44C28BCA9}.Release|Any CPU.ActiveCfg = Release|iPhone
		{D938ABE3-2570-43CD-AAA5-93C44C28BCA9}.Release|iPhone.ActiveCfg = Release|iPhone
		{D938ABE3-2570-43CD-AAA5-93C44C28BCA9}.Release|iPhone.Build.0 = Release|iPhone
		{D938ABE3-2570-43CD-AAA5-93C44C28BCA9}.Release|iPhoneSimulator.ActiveCfg = Release|iPhoneSimulator
		{D938ABE3-2570-43CD-AAA5-93C44C28BCA9}.Release|iPhoneSimulator.Build.0 = Release|iPhoneSimulator
	EndGlobalSection
	GlobalSection(SolutionProperties) = preSolution
		HideSolutionNode = FALSE
	EndGlobalSection
	GlobalSection(ExtensibilityGlobals) = postSolution
		SolutionGuid = {CC0050C2-44F5-43DD-86B1-C2B7111DDB39}
	EndGlobalSection
EndGlobal
